
Microsoft Visual Studio Solution File, Format Version 12.00
# Visual Studio Version 17
VisualStudioVersion = 17.0.31903.59
MinimumVisualStudioVersion = 10.0.40219.1
Project("{2150E333-8FDC-42A3-9474-1A3956D46DE8}") = "src", "src", "{827E0CD3-B72D-47B6-A68D-7590B98EB39B}"
EndProject
Project("{FAE04EC0-301F-11D3-BF4B-00C04F79EFBC}") = "Apex.API.Core", "src\Apex.API.Core\Apex.API.Core.csproj", "{42FF6144-B5BB-4DC7-B608-4E8491AB4DF5}"
EndProject
Project("{FAE04EC0-301F-11D3-BF4B-00C04F79EFBC}") = "Apex.API.UseCases", "src\Apex.API.UseCases\Apex.API.UseCases.csproj", "{D1A5ACAD-29EB-4292-A173-F08AA9E7B665}"
EndProject
Project("{FAE04EC0-301F-11D3-BF4B-00C04F79EFBC}") = "Apex.API.Infrastructure", "src\Apex.API.Infrastructure\Apex.API.Infrastructure.csproj", "{9307358E-70F7-4F92-88ED-3B59FE5B992F}"
EndProject
Project("{FAE04EC0-301F-11D3-BF4B-00C04F79EFBC}") = "Apex.API.Web", "src\Apex.API.Web\Apex.API.Web.csproj", "{86CD43C8-C4CB-4CD9-98A2-F85B787142EF}"
EndProject
Project("{FAE04EC0-301F-11D3-BF4B-00C04F79EFBC}") = "Apex.API.ServiceDefaults", "src\Apex.API.ServiceDefaults\Apex.API.ServiceDefaults.csproj", "{34AEF455-4E38-4313-A967-1963B874A302}"
EndProject
Project("{FAE04EC0-301F-11D3-BF4B-00C04F79EFBC}") = "Apex.API.AspireHost", "src\Apex.API.AspireHost\Apex.API.AspireHost.csproj", "{E73CB473-5627-40F8-940F-C0E8CE28B52F}"
EndProject
Project("{2150E333-8FDC-42A3-9474-1A3956D46DE8}") = "tests", "tests", "{0AB3BF05-4346-4AA6-1389-037BE0695223}"
EndProject
Project("{FAE04EC0-301F-11D3-BF4B-00C04F79EFBC}") = "Apex.API.UnitTests", "tests\Apex.API.UnitTests\Apex.API.UnitTests.csproj", "{94C46547-58AE-444C-8368-9D1316107AC7}"
EndProject
Project("{FAE04EC0-301F-11D3-BF4B-00C04F79EFBC}") = "Apex.API.IntegrationTests", "tests\Apex.API.IntegrationTests\Apex.API.IntegrationTests.csproj", "{279120EE-FC12-4F0B-BA24-7211AC39473E}"
EndProject
Project("{FAE04EC0-301F-11D3-BF4B-00C04F79EFBC}") = "Apex.API.FunctionalTests", "tests\Apex.API.FunctionalTests\Apex.API.FunctionalTests.csproj", "{97B29265-36DB-4A4B-A050-9B8D42F88CC3}"
EndProject
Global
	GlobalSection(SolutionConfigurationPlatforms) = preSolution
		Debug|Any CPU = Debug|Any CPU
		Debug|x64 = Debug|x64
		Debug|x86 = Debug|x86
		Release|Any CPU = Release|Any CPU
		Release|x64 = Release|x64
		Release|x86 = Release|x86
	EndGlobalSection
	GlobalSection(ProjectConfigurationPlatforms) = postSolution
		{42FF6144-B5BB-4DC7-B608-4E8491AB4DF5}.Debug|Any CPU.ActiveCfg = Debug|Any CPU
		{42FF6144-B5BB-4DC7-B608-4E8491AB4DF5}.Debug|Any CPU.Build.0 = Debug|Any CPU
		{42FF6144-B5BB-4DC7-B608-4E8491AB4DF5}.Debug|x64.ActiveCfg = Debug|Any CPU
		{42FF6144-B5BB-4DC7-B608-4E8491AB4DF5}.Debug|x64.Build.0 = Debug|Any CPU
		{42FF6144-B5BB-4DC7-B608-4E8491AB4DF5}.Debug|x86.ActiveCfg = Debug|Any CPU
		{42FF6144-B5BB-4DC7-B608-4E8491AB4DF5}.Debug|x86.Build.0 = Debug|Any CPU
		{42FF6144-B5BB-4DC7-B608-4E8491AB4DF5}.Release|Any CPU.ActiveCfg = Release|Any CPU
		{42FF6144-B5BB-4DC7-B608-4E8491AB4DF5}.Release|Any CPU.Build.0 = Release|Any CPU
		{42FF6144-B5BB-4DC7-B608-4E8491AB4DF5}.Release|x64.ActiveCfg = Release|Any CPU
		{42FF6144-B5BB-4DC7-B608-4E8491AB4DF5}.Release|x64.Build.0 = Release|Any CPU
		{42FF6144-B5BB-4DC7-B608-4E8491AB4DF5}.Release|x86.ActiveCfg = Release|Any CPU
		{42FF6144-B5BB-4DC7-B608-4E8491AB4DF5}.Release|x86.Build.0 = Release|Any CPU
		{D1A5ACAD-29EB-4292-A173-F08AA9E7B665}.Debug|Any CPU.ActiveCfg = Debug|Any CPU
		{D1A5ACAD-29EB-4292-A173-F08AA9E7B665}.Debug|Any CPU.Build.0 = Debug|Any CPU
		{D1A5ACAD-29EB-4292-A173-F08AA9E7B665}.Debug|x64.ActiveCfg = Debug|Any CPU
		{D1A5ACAD-29EB-4292-A173-F08AA9E7B665}.Debug|x64.Build.0 = Debug|Any CPU
		{D1A5ACAD-29EB-4292-A173-F08AA9E7B665}.Debug|x86.ActiveCfg = Debug|Any CPU
		{D1A5ACAD-29EB-4292-A173-F08AA9E7B665}.Debug|x86.Build.0 = Debug|Any CPU
		{D1A5ACAD-29EB-4292-A173-F08AA9E7B665}.Release|Any CPU.ActiveCfg = Release|Any CPU
		{D1A5ACAD-29EB-4292-A173-F08AA9E7B665}.Release|Any CPU.Build.0 = Release|Any CPU
		{D1A5ACAD-29EB-4292-A173-F08AA9E7B665}.Release|x64.ActiveCfg = Release|Any CPU
		{D1A5ACAD-29EB-4292-A173-F08AA9E7B665}.Release|x64.Build.0 = Release|Any CPU
		{D1A5ACAD-29EB-4292-A173-F08AA9E7B665}.Release|x86.ActiveCfg = Release|Any CPU
		{D1A5ACAD-29EB-4292-A173-F08AA9E7B665}.Release|x86.Build.0 = Release|Any CPU
		{9307358E-70F7-4F92-88ED-3B59FE5B992F}.Debug|Any CPU.ActiveCfg = Debug|Any CPU
		{9307358E-70F7-4F92-88ED-3B59FE5B992F}.Debug|Any CPU.Build.0 = Debug|Any CPU
		{9307358E-70F7-4F92-88ED-3B59FE5B992F}.Debug|x64.ActiveCfg = Debug|Any CPU
		{9307358E-70F7-4F92-88ED-3B59FE5B992F}.Debug|x64.Build.0 = Debug|Any CPU
		{9307358E-70F7-4F92-88ED-3B59FE5B992F}.Debug|x86.ActiveCfg = Debug|Any CPU
		{9307358E-70F7-4F92-88ED-3B59FE5B992F}.Debug|x86.Build.0 = Debug|Any CPU
		{9307358E-70F7-4F92-88ED-3B59FE5B992F}.Release|Any CPU.ActiveCfg = Release|Any CPU
		{9307358E-70F7-4F92-88ED-3B59FE5B992F}.Release|Any CPU.Build.0 = Release|Any CPU
		{9307358E-70F7-4F92-88ED-3B59FE5B992F}.Release|x64.ActiveCfg = Release|Any CPU
		{9307358E-70F7-4F92-88ED-3B59FE5B992F}.Release|x64.Build.0 = Release|Any CPU
		{9307358E-70F7-4F92-88ED-3B59FE5B992F}.Release|x86.ActiveCfg = Release|Any CPU
		{9307358E-70F7-4F92-88ED-3B59FE5B992F}.Release|x86.Build.0 = Release|Any CPU
		{86CD43C8-C4CB-4CD9-98A2-F85B787142EF}.Debug|Any CPU.ActiveCfg = Debug|Any CPU
		{86CD43C8-C4CB-4CD9-98A2-F85B787142EF}.Debug|Any CPU.Build.0 = Debug|Any CPU
		{86CD43C8-C4CB-4CD9-98A2-F85B787142EF}.Debug|x64.ActiveCfg = Debug|Any CPU
		{86CD43C8-C4CB-4CD9-98A2-F85B787142EF}.Debug|x64.Build.0 = Debug|Any CPU
		{86CD43C8-C4CB-4CD9-98A2-F85B787142EF}.Debug|x86.ActiveCfg = Debug|Any CPU
		{86CD43C8-C4CB-4CD9-98A2-F85B787142EF}.Debug|x86.Build.0 = Debug|Any CPU
		{86CD43C8-C4CB-4CD9-98A2-F85B787142EF}.Release|Any CPU.ActiveCfg = Release|Any CPU
		{86CD43C8-C4CB-4CD9-98A2-F85B787142EF}.Release|Any CPU.Build.0 = Release|Any CPU
		{86CD43C8-C4CB-4CD9-98A2-F85B787142EF}.Release|x64.ActiveCfg = Release|Any CPU
		{86CD43C8-C4CB-4CD9-98A2-F85B787142EF}.Release|x64.Build.0 = Release|Any CPU
		{86CD43C8-C4CB-4CD9-98A2-F85B787142EF}.Release|x86.ActiveCfg = Release|Any CPU
		{86CD43C8-C4CB-4CD9-98A2-F85B787142EF}.Release|x86.Build.0 = Release|Any CPU
		{34AEF455-4E38-4313-A967-1963B874A302}.Debug|Any CPU.ActiveCfg = Debug|Any CPU
		{34AEF455-4E38-4313-A967-1963B874A302}.Debug|Any CPU.Build.0 = Debug|Any CPU
		{34AEF455-4E38-4313-A967-1963B874A302}.Debug|x64.ActiveCfg = Debug|Any CPU
		{34AEF455-4E38-4313-A967-1963B874A302}.Debug|x64.Build.0 = Debug|Any CPU
		{34AEF455-4E38-4313-A967-1963B874A302}.Debug|x86.ActiveCfg = Debug|Any CPU
		{34AEF455-4E38-4313-A967-1963B874A302}.Debug|x86.Build.0 = Debug|Any CPU
		{34AEF455-4E38-4313-A967-1963B874A302}.Release|Any CPU.ActiveCfg = Release|Any CPU
		{34AEF455-4E38-4313-A967-1963B874A302}.Release|Any CPU.Build.0 = Release|Any CPU
		{34AEF455-4E38-4313-A967-1963B874A302}.Release|x64.ActiveCfg = Release|Any CPU
		{34AEF455-4E38-4313-A967-1963B874A302}.Release|x64.Build.0 = Release|Any CPU
		{34AEF455-4E38-4313-A967-1963B874A302}.Release|x86.ActiveCfg = Release|Any CPU
		{34AEF455-4E38-4313-A967-1963B874A302}.Release|x86.Build.0 = Release|Any CPU
		{E73CB473-5627-40F8-940F-C0E8CE28B52F}.Debug|Any CPU.ActiveCfg = Debug|Any CPU
		{E73CB473-5627-40F8-940F-C0E8CE28B52F}.Debug|Any CPU.Build.0 = Debug|Any CPU
		{E73CB473-5627-40F8-940F-C0E8CE28B52F}.Debug|x64.ActiveCfg = Debug|Any CPU
		{E73CB473-5627-40F8-940F-C0E8CE28B52F}.Debug|x64.Build.0 = Debug|Any CPU
		{E73CB473-5627-40F8-940F-C0E8CE28B52F}.Debug|x86.ActiveCfg = Debug|Any CPU
		{E73CB473-5627-40F8-940F-C0E8CE28B52F}.Debug|x86.Build.0 = Debug|Any CPU
		{E73CB473-5627-40F8-940F-C0E8CE28B52F}.Release|Any CPU.ActiveCfg = Release|Any CPU
		{E73CB473-5627-40F8-940F-C0E8CE28B52F}.Release|Any CPU.Build.0 = Release|Any CPU
		{E73CB473-5627-40F8-940F-C0E8CE28B52F}.Release|x64.ActiveCfg = Release|Any CPU
		{E73CB473-5627-40F8-940F-C0E8CE28B52F}.Release|x64.Build.0 = Release|Any CPU
		{E73CB473-5627-40F8-940F-C0E8CE28B52F}.Release|x86.ActiveCfg = Release|Any CPU
		{E73CB473-5627-40F8-940F-C0E8CE28B52F}.Release|x86.Build.0 = Release|Any CPU
		{94C46547-58AE-444C-8368-9D1316107AC7}.Debug|Any CPU.ActiveCfg = Debug|Any CPU
		{94C46547-58AE-444C-8368-9D1316107AC7}.Debug|Any CPU.Build.0 = Debug|Any CPU
		{94C46547-58AE-444C-8368-9D1316107AC7}.Debug|x64.ActiveCfg = Debug|Any CPU
		{94C46547-58AE-444C-8368-9D1316107AC7}.Debug|x64.Build.0 = Debug|Any CPU
		{94C46547-58AE-444C-8368-9D1316107AC7}.Debug|x86.ActiveCfg = Debug|Any CPU
		{94C46547-58AE-444C-8368-9D1316107AC7}.Debug|x86.Build.0 = Debug|Any CPU
		{94C46547-58AE-444C-8368-9D1316107AC7}.Release|Any CPU.ActiveCfg = Release|Any CPU
		{94C46547-58AE-444C-8368-9D1316107AC7}.Release|Any CPU.Build.0 = Release|Any CPU
		{94C46547-58AE-444C-8368-9D1316107AC7}.Release|x64.ActiveCfg = Release|Any CPU
		{94C46547-58AE-444C-8368-9D1316107AC7}.Release|x64.Build.0 = Release|Any CPU
		{94C46547-58AE-444C-8368-9D1316107AC7}.Release|x86.ActiveCfg = Release|Any CPU
		{94C46547-58AE-444C-8368-9D1316107AC7}.Release|x86.Build.0 = Release|Any CPU
		{279120EE-FC12-4F0B-BA24-7211AC39473E}.Debug|Any CPU.ActiveCfg = Debug|Any CPU
		{279120EE-FC12-4F0B-BA24-7211AC39473E}.Debug|Any CPU.Build.0 = Debug|Any CPU
		{279120EE-FC12-4F0B-BA24-7211AC39473E}.Debug|x64.ActiveCfg = Debug|Any CPU
		{279120EE-FC12-4F0B-BA24-7211AC39473E}.Debug|x64.Build.0 = Debug|Any CPU
		{279120EE-FC12-4F0B-BA24-7211AC39473E}.Debug|x86.ActiveCfg = Debug|Any CPU
		{279120EE-FC12-4F0B-BA24-7211AC39473E}.Debug|x86.Build.0 = Debug|Any CPU
		{279120EE-FC12-4F0B-BA24-7211AC39473E}.Release|Any CPU.ActiveCfg = Release|Any CPU
		{279120EE-FC12-4F0B-BA24-7211AC39473E}.Release|Any CPU.Build.0 = Release|Any CPU
		{279120EE-FC12-4F0B-BA24-7211AC39473E}.Release|x64.ActiveCfg = Release|Any CPU
		{279120EE-FC12-4F0B-BA24-7211AC39473E}.Release|x64.Build.0 = Release|Any CPU
		{279120EE-FC12-4F0B-BA24-7211AC39473E}.Release|x86.ActiveCfg = Release|Any CPU
		{279120EE-FC12-4F0B-BA24-7211AC39473E}.Release|x86.Build.0 = Release|Any CPU
		{97B29265-36DB-4A4B-A050-9B8D42F88CC3}.Debug|Any CPU.ActiveCfg = Debug|Any CPU
		{97B29265-36DB-4A4B-A050-9B8D42F88CC3}.Debug|Any CPU.Build.0 = Debug|Any CPU
		{97B29265-36DB-4A4B-A050-9B8D42F88CC3}.Debug|x64.ActiveCfg = Debug|Any CPU
		{97B29265-36DB-4A4B-A050-9B8D42F88CC3}.Debug|x64.Build.0 = Debug|Any CPU
		{97B29265-36DB-4A4B-A050-9B8D42F88CC3}.Debug|x86.ActiveCfg = Debug|Any CPU
		{97B29265-36DB-4A4B-A050-9B8D42F88CC3}.Debug|x86.Build.0 = Debug|Any CPU
		{97B29265-36DB-4A4B-A050-9B8D42F88CC3}.Release|Any CPU.ActiveCfg = Release|Any CPU
		{97B29265-36DB-4A4B-A050-9B8D42F88CC3}.Release|Any CPU.Build.0 = Release|Any CPU
		{97B29265-36DB-4A4B-A050-9B8D42F88CC3}.Release|x64.ActiveCfg = Release|Any CPU
		{97B29265-36DB-4A4B-A050-9B8D42F88CC3}.Release|x64.Build.0 = Release|Any CPU
		{97B29265-36DB-4A4B-A050-9B8D42F88CC3}.Release|x86.ActiveCfg = Release|Any CPU
		{97B29265-36DB-4A4B-A050-9B8D42F88CC3}.Release|x86.Build.0 = Release|Any CPU
	EndGlobalSection
	GlobalSection(SolutionProperties) = preSolution
		HideSolutionNode = FALSE
	EndGlobalSection
	GlobalSection(NestedProjects) = preSolution
		{42FF6144-B5BB-4DC7-B608-4E8491AB4DF5} = {827E0CD3-B72D-47B6-A68D-7590B98EB39B}
		{D1A5ACAD-29EB-4292-A173-F08AA9E7B665} = {827E0CD3-B72D-47B6-A68D-7590B98EB39B}
		{9307358E-70F7-4F92-88ED-3B59FE5B992F} = {827E0CD3-B72D-47B6-A68D-7590B98EB39B}
		{86CD43C8-C4CB-4CD9-98A2-F85B787142EF} = {827E0CD3-B72D-47B6-A68D-7590B98EB39B}
		{34AEF455-4E38-4313-A967-1963B874A302} = {827E0CD3-B72D-47B6-A68D-7590B98EB39B}
		{E73CB473-5627-40F8-940F-C0E8CE28B52F} = {827E0CD3-B72D-47B6-A68D-7590B98EB39B}
		{94C46547-58AE-444C-8368-9D1316107AC7} = {0AB3BF05-4346-4AA6-1389-037BE0695223}
		{279120EE-FC12-4F0B-BA24-7211AC39473E} = {0AB3BF05-4346-4AA6-1389-037BE0695223}
		{97B29265-36DB-4A4B-A050-9B8D42F88CC3} = {0AB3BF05-4346-4AA6-1389-037BE0695223}
	EndGlobalSection
EndGlobal
